
Microsoft Visual Studio Solution File, Format Version 12.00
# Visual Studio Version 17
VisualStudioVersion = 17.11.35312.102
MinimumVisualStudioVersion = 10.0.40219.1
Project("{FAE04EC0-301F-11D3-BF4B-00C04F79EFBC}") = "Lab03-03", "Lab03-03\Lab03-03.csproj", "{100FFE5F-9F64-4CDF-A94A-96117B7F4C63}"
EndProject
Global
	GlobalSection(SolutionConfigurationPlatforms) = preSolution
		Debug|Any CPU = Debug|Any CPU
		Release|Any CPU = Release|Any CPU
	EndGlobalSection
	GlobalSection(ProjectConfigurationPlatforms) = postSolution
		{100FFE5F-9F64-4CDF-A94A-96117B7F4C63}.Debug|Any CPU.ActiveCfg = Debug|Any CPU
		{100FFE5F-9F64-4CDF-A94A-96117B7F4C63}.Debug|Any CPU.Build.0 = Debug|Any CPU
		{100FFE5F-9F64-4CDF-A94A-96117B7F4C63}.Release|Any CPU.ActiveCfg = Release|Any CPU
		{100FFE5F-9F64-4CDF-A94A-96117B7F4C63}.Release|Any CPU.Build.0 = Release|Any CPU
	EndGlobalSection
	GlobalSection(SolutionProperties) = preSolution
		HideSolutionNode = FALSE
	EndGlobalSection
	GlobalSection(ExtensibilityGlobals) = postSolution
		SolutionGuid = {8FBA7CA2-66D9-4649-91F2-4100CB7290FF}
	EndGlobalSection
EndGlobal
